// !$*UTF8*$!
{
	archiveVersion = 1;
	classes = {
	};
	objectVersion = 50;
	objects = {

/* Begin PBXBuildFile section */
		5E572F5D21BF922D0040324A /* CategoryViewController.swift in Sources */ = {isa = PBXBuildFile; fileRef = 5E572F5C21BF922D0040324A /* CategoryViewController.swift */; };
		5E6DBE8F21BFB44B00949AED /* Item.swift in Sources */ = {isa = PBXBuildFile; fileRef = 5E6DBE8E21BFB44B00949AED /* Item.swift */; };
		5E6DBE9121BFB45700949AED /* Category.swift in Sources */ = {isa = PBXBuildFile; fileRef = 5E6DBE9021BFB45700949AED /* Category.swift */; };
		5EBC201921B6684800A92AEF /* AppDelegate.swift in Sources */ = {isa = PBXBuildFile; fileRef = 5EBC201821B6684800A92AEF /* AppDelegate.swift */; };
		5EBC201B21B6684800A92AEF /* ToDoListViewController.swift in Sources */ = {isa = PBXBuildFile; fileRef = 5EBC201A21B6684800A92AEF /* ToDoListViewController.swift */; };
		5EBC201E21B6684800A92AEF /* Main.storyboard in Resources */ = {isa = PBXBuildFile; fileRef = 5EBC201C21B6684800A92AEF /* Main.storyboard */; };
		5EBC202021B6684A00A92AEF /* Assets.xcassets in Resources */ = {isa = PBXBuildFile; fileRef = 5EBC201F21B6684A00A92AEF /* Assets.xcassets */; };
		5EBC202321B6684A00A92AEF /* LaunchScreen.storyboard in Resources */ = {isa = PBXBuildFile; fileRef = 5EBC202121B6684A00A92AEF /* LaunchScreen.storyboard */; };
		EEBD348E3BEAC0023EC744C6 /* Pods_15_ToDoey.framework in Frameworks */ = {isa = PBXBuildFile; fileRef = BBA8E712C600F1E5FFD9F601 /* Pods_15_ToDoey.framework */; };
/* End PBXBuildFile section */

/* Begin PBXFileReference section */
		5E572F5C21BF922D0040324A /* CategoryViewController.swift */ = {isa = PBXFileReference; lastKnownFileType = sourcecode.swift; path = CategoryViewController.swift; sourceTree = "<group>"; };
		5E6DBE8E21BFB44B00949AED /* Item.swift */ = {isa = PBXFileReference; lastKnownFileType = sourcecode.swift; path = Item.swift; sourceTree = "<group>"; };
		5E6DBE9021BFB45700949AED /* Category.swift */ = {isa = PBXFileReference; lastKnownFileType = sourcecode.swift; path = Category.swift; sourceTree = "<group>"; };
		5EBC201521B6684800A92AEF /* 15_ToDoey.app */ = {isa = PBXFileReference; explicitFileType = wrapper.application; includeInIndex = 0; path = 15_ToDoey.app; sourceTree = BUILT_PRODUCTS_DIR; };
		5EBC201821B6684800A92AEF /* AppDelegate.swift */ = {isa = PBXFileReference; lastKnownFileType = sourcecode.swift; path = AppDelegate.swift; sourceTree = "<group>"; };
		5EBC201A21B6684800A92AEF /* ToDoListViewController.swift */ = {isa = PBXFileReference; lastKnownFileType = sourcecode.swift; path = ToDoListViewController.swift; sourceTree = "<group>"; };
		5EBC201D21B6684800A92AEF /* Base */ = {isa = PBXFileReference; lastKnownFileType = file.storyboard; name = Base; path = Base.lproj/Main.storyboard; sourceTree = "<group>"; };
		5EBC201F21B6684A00A92AEF /* Assets.xcassets */ = {isa = PBXFileReference; lastKnownFileType = folder.assetcatalog; path = Assets.xcassets; sourceTree = "<group>"; };
		5EBC202221B6684A00A92AEF /* Base */ = {isa = PBXFileReference; lastKnownFileType = file.storyboard; name = Base; path = Base.lproj/LaunchScreen.storyboard; sourceTree = "<group>"; };
		5EBC202421B6684A00A92AEF /* Info.plist */ = {isa = PBXFileReference; lastKnownFileType = text.plist.xml; path = Info.plist; sourceTree = "<group>"; };
		6AB15EAA6EF28DF02517AE7A /* Pods-15_ToDoey.release.xcconfig */ = {isa = PBXFileReference; includeInIndex = 1; lastKnownFileType = text.xcconfig; name = "Pods-15_ToDoey.release.xcconfig"; path = "Pods/Target Support Files/Pods-15_ToDoey/Pods-15_ToDoey.release.xcconfig"; sourceTree = "<group>"; };
		BBA8E712C600F1E5FFD9F601 /* Pods_15_ToDoey.framework */ = {isa = PBXFileReference; explicitFileType = wrapper.framework; includeInIndex = 0; path = Pods_15_ToDoey.framework; sourceTree = BUILT_PRODUCTS_DIR; };
		FE2F23A1B8A6E3EE23C599D7 /* Pods-15_ToDoey.debug.xcconfig */ = {isa = PBXFileReference; includeInIndex = 1; lastKnownFileType = text.xcconfig; name = "Pods-15_ToDoey.debug.xcconfig"; path = "Pods/Target Support Files/Pods-15_ToDoey/Pods-15_ToDoey.debug.xcconfig"; sourceTree = "<group>"; };
/* End PBXFileReference section */

/* Begin PBXFrameworksBuildPhase section */
		5EBC201221B6684800A92AEF /* Frameworks */ = {
			isa = PBXFrameworksBuildPhase;
			buildActionMask = 2147483647;
			files = (
				EEBD348E3BEAC0023EC744C6 /* Pods_15_ToDoey.framework in Frameworks */,
			);
			runOnlyForDeploymentPostprocessing = 0;
		};
/* End PBXFrameworksBuildPhase section */

/* Begin PBXGroup section */
		5E22E23121B7BCC4001F7D8F /* Data Model */ = {
			isa = PBXGroup;
			children = (
				5E6DBE9021BFB45700949AED /* Category.swift */,
				5E6DBE8E21BFB44B00949AED /* Item.swift */,
			);
			path = "Data Model";
			sourceTree = "<group>";
		};
		5E22E23221B7BD03001F7D8F /* Views */ = {
			isa = PBXGroup;
			children = (
				5EBC201C21B6684800A92AEF /* Main.storyboard */,
			);
			path = Views;
			sourceTree = "<group>";
		};
		5E22E23321B7BD11001F7D8F /* Controllers */ = {
			isa = PBXGroup;
			children = (
				5E572F5C21BF922D0040324A /* CategoryViewController.swift */,
				5EBC201A21B6684800A92AEF /* ToDoListViewController.swift */,
			);
			path = Controllers;
			sourceTree = "<group>";
		};
		5E22E23421B7BD2F001F7D8F /* Supporting files */ = {
			isa = PBXGroup;
			children = (
				5EBC201F21B6684A00A92AEF /* Assets.xcassets */,
				5EBC202121B6684A00A92AEF /* LaunchScreen.storyboard */,
			);
			path = "Supporting files";
			sourceTree = "<group>";
		};
		5EBC200C21B6684800A92AEF = {
			isa = PBXGroup;
			children = (
				5EBC201721B6684800A92AEF /* 15_ToDoey */,
				5EBC201621B6684800A92AEF /* Products */,
				DDE3200460A72CF1395E9E77 /* Pods */,
				73EBC87F41AB90C83331FD22 /* Frameworks */,
			);
			sourceTree = "<group>";
		};
		5EBC201621B6684800A92AEF /* Products */ = {
			isa = PBXGroup;
			children = (
				5EBC201521B6684800A92AEF /* 15_ToDoey.app */,
			);
			name = Products;
			sourceTree = "<group>";
		};
		5EBC201721B6684800A92AEF /* 15_ToDoey */ = {
			isa = PBXGroup;
			children = (
				5EBC201821B6684800A92AEF /* AppDelegate.swift */,
				5E22E23321B7BD11001F7D8F /* Controllers */,
				5E22E23221B7BD03001F7D8F /* Views */,
				5E22E23421B7BD2F001F7D8F /* Supporting files */,
				5EBC202421B6684A00A92AEF /* Info.plist */,
				5E22E23121B7BCC4001F7D8F /* Data Model */,
			);
			path = 15_ToDoey;
			sourceTree = "<group>";
		};
		73EBC87F41AB90C83331FD22 /* Frameworks */ = {
			isa = PBXGroup;
			children = (
				BBA8E712C600F1E5FFD9F601 /* Pods_15_ToDoey.framework */,
			);
			name = Frameworks;
			sourceTree = "<group>";
		};
		DDE3200460A72CF1395E9E77 /* Pods */ = {
			isa = PBXGroup;
			children = (
				FE2F23A1B8A6E3EE23C599D7 /* Pods-15_ToDoey.debug.xcconfig */,
				6AB15EAA6EF28DF02517AE7A /* Pods-15_ToDoey.release.xcconfig */,
			);
			name = Pods;
			sourceTree = "<group>";
		};
/* End PBXGroup section */

/* Begin PBXNativeTarget section */
		5EBC201421B6684800A92AEF /* 15_ToDoey */ = {
			isa = PBXNativeTarget;
			buildConfigurationList = 5EBC202721B6684A00A92AEF /* Build configuration list for PBXNativeTarget "15_ToDoey" */;
			buildPhases = (
				1A64315911C04844C367A7FB /* [CP] Check Pods Manifest.lock */,
				5EBC201121B6684800A92AEF /* Sources */,
				5EBC201221B6684800A92AEF /* Frameworks */,
				5EBC201321B6684800A92AEF /* Resources */,
				952D4E6AFE5D6F821D6AA4EB /* [CP] Embed Pods Frameworks */,
			);
			buildRules = (
			);
			dependencies = (
			);
			name = 15_ToDoey;
			productName = 15_ToDoey;
			productReference = 5EBC201521B6684800A92AEF /* 15_ToDoey.app */;
			productType = "com.apple.product-type.application";
		};
/* End PBXNativeTarget section */

/* Begin PBXProject section */
		5EBC200D21B6684800A92AEF /* Project object */ = {
			isa = PBXProject;
			attributes = {
				LastSwiftUpdateCheck = 1010;
				LastUpgradeCheck = 1010;
				ORGANIZATIONNAME = "Rahul Sharma";
				TargetAttributes = {
					5EBC201421B6684800A92AEF = {
						CreatedOnToolsVersion = 10.1;
					};
				};
			};
			buildConfigurationList = 5EBC201021B6684800A92AEF /* Build configuration list for PBXProject "15_ToDoey" */;
			compatibilityVersion = "Xcode 9.3";
			developmentRegion = en;
			hasScannedForEncodings = 0;
			knownRegions = (
				en,
				Base,
			);
			mainGroup = 5EBC200C21B6684800A92AEF;
			productRefGroup = 5EBC201621B6684800A92AEF /* Products */;
			projectDirPath = "";
			projectRoot = "";
			targets = (
				5EBC201421B6684800A92AEF /* 15_ToDoey */,
			);
		};
/* End PBXProject section */

/* Begin PBXResourcesBuildPhase section */
		5EBC201321B6684800A92AEF /* Resources */ = {
			isa = PBXResourcesBuildPhase;
			buildActionMask = 2147483647;
			files = (
				5EBC202321B6684A00A92AEF /* LaunchScreen.storyboard in Resources */,
				5EBC202021B6684A00A92AEF /* Assets.xcassets in Resources */,
				5EBC201E21B6684800A92AEF /* Main.storyboard in Resources */,
			);
			runOnlyForDeploymentPostprocessing = 0;
		};
/* End PBXResourcesBuildPhase section */

/* Begin PBXShellScriptBuildPhase section */
		1A64315911C04844C367A7FB /* [CP] Check Pods Manifest.lock */ = {
			isa = PBXShellScriptBuildPhase;
			buildActionMask = 2147483647;
			files = (
			);
			inputPaths = (
				"${PODS_PODFILE_DIR_PATH}/Podfile.lock",
				"${PODS_ROOT}/Manifest.lock",
			);
			name = "[CP] Check Pods Manifest.lock";
			outputPaths = (
				"$(DERIVED_FILE_DIR)/Pods-15_ToDoey-checkManifestLockResult.txt",
			);
			runOnlyForDeploymentPostprocessing = 0;
			shellPath = /bin/sh;
			shellScript = "diff \"${PODS_PODFILE_DIR_PATH}/Podfile.lock\" \"${PODS_ROOT}/Manifest.lock\" > /dev/null\nif [ $? != 0 ] ; then\n    # print error to STDERR\n    echo \"error: The sandbox is not in sync with the Podfile.lock. Run 'pod install' or update your CocoaPods installation.\" >&2\n    exit 1\nfi\n# This output is used by Xcode 'outputs' to avoid re-running this script phase.\necho \"SUCCESS\" > \"${SCRIPT_OUTPUT_FILE_0}\"\n";
			showEnvVarsInLog = 0;
		};
		952D4E6AFE5D6F821D6AA4EB /* [CP] Embed Pods Frameworks */ = {
			isa = PBXShellScriptBuildPhase;
			buildActionMask = 2147483647;
			files = (
			);
			inputPaths = (
				"${SRCROOT}/Pods/Target Support Files/Pods-15_ToDoey/Pods-15_ToDoey-frameworks.sh",
				"${BUILT_PRODUCTS_DIR}/Realm/Realm.framework",
				"${BUILT_PRODUCTS_DIR}/RealmSwift/RealmSwift.framework",
			);
			name = "[CP] Embed Pods Frameworks";
			outputPaths = (
				"${TARGET_BUILD_DIR}/${FRAMEWORKS_FOLDER_PATH}/Realm.framework",
				"${TARGET_BUILD_DIR}/${FRAMEWORKS_FOLDER_PATH}/RealmSwift.framework",
			);
			runOnlyForDeploymentPostprocessing = 0;
			shellPath = /bin/sh;
			shellScript = "\"${SRCROOT}/Pods/Target Support Files/Pods-15_ToDoey/Pods-15_ToDoey-frameworks.sh\"\n";
			showEnvVarsInLog = 0;
		};
/* End PBXShellScriptBuildPhase section */

/* Begin PBXSourcesBuildPhase section */
		5EBC201121B6684800A92AEF /* Sources */ = {
			isa = PBXSourcesBuildPhase;
			buildActionMask = 2147483647;
			files = (
				5E6DBE8F21BFB44B00949AED /* Item.swift in Sources */,
				5E572F5D21BF922D0040324A /* CategoryViewController.swift in Sources */,
				5EBC201B21B6684800A92AEF /* ToDoListViewController.swift in Sources */,
				5EBC201921B6684800A92AEF /* AppDelegate.swift in Sources */,
				5E6DBE9121BFB45700949AED /* Category.swift in Sources */,
			);
			runOnlyForDeploymentPostprocessing = 0;
		};
/* End PBXSourcesBuildPhase section */

/* Begin PBXVariantGroup section */
		5EBC201C21B6684800A92AEF /* Main.storyboard */ = {
			isa = PBXVariantGroup;
			children = (
				5EBC201D21B6684800A92AEF /* Base */,
			);
			name = Main.storyboard;
			sourceTree = "<group>";
		};
		5EBC202121B6684A00A92AEF /* LaunchScreen.storyboard */ = {
			isa = PBXVariantGroup;
			children = (
				5EBC202221B6684A00A92AEF /* Base */,
			);
			name = LaunchScreen.storyboard;
			sourceTree = "<group>";
		};
/* End PBXVariantGroup section */

/* Begin XCBuildConfiguration section */
		5EBC202521B6684A00A92AEF /* Debug */ = {
			isa = XCBuildConfiguration;
			buildSettings = {
				ALWAYS_SEARCH_USER_PATHS = NO;
				CLANG_ANALYZER_NONNULL = YES;
				CLANG_ANALYZER_NUMBER_OBJECT_CONVERSION = YES_AGGRESSIVE;
				CLANG_CXX_LANGUAGE_STANDARD = "gnu++14";
				CLANG_CXX_LIBRARY = "libc++";
				CLANG_ENABLE_MODULES = YES;
				CLANG_ENABLE_OBJC_ARC = YES;
				CLANG_ENABLE_OBJC_WEAK = YES;
				CLANG_WARN_BLOCK_CAPTURE_AUTORELEASING = YES;
				CLANG_WARN_BOOL_CONVERSION = YES;
				CLANG_WARN_COMMA = YES;
				CLANG_WARN_CONSTANT_CONVERSION = YES;
				CLANG_WARN_DEPRECATED_OBJC_IMPLEMENTATIONS = YES;
				CLANG_WARN_DIRECT_OBJC_ISA_USAGE = YES_ERROR;
				CLANG_WARN_DOCUMENTATION_COMMENTS = YES;
				CLANG_WARN_EMPTY_BODY = YES;
				CLANG_WARN_ENUM_CONVERSION = YES;
				CLANG_WARN_INFINITE_RECURSION = YES;
				CLANG_WARN_INT_CONVERSION = YES;
				CLANG_WARN_NON_LITERAL_NULL_CONVERSION = YES;
				CLANG_WARN_OBJC_IMPLICIT_RETAIN_SELF = YES;
				CLANG_WARN_OBJC_LITERAL_CONVERSION = YES;
				CLANG_WARN_OBJC_ROOT_CLASS = YES_ERROR;
				CLANG_WARN_RANGE_LOOP_ANALYSIS = YES;
				CLANG_WARN_STRICT_PROTOTYPES = YES;
				CLANG_WARN_SUSPICIOUS_MOVE = YES;
				CLANG_WARN_UNGUARDED_AVAILABILITY = YES_AGGRESSIVE;
				CLANG_WARN_UNREACHABLE_CODE = YES;
				CLANG_WARN__DUPLICATE_METHOD_MATCH = YES;
				CODE_SIGN_IDENTITY = "iPhone Developer";
				COPY_PHASE_STRIP = NO;
				DEBUG_INFORMATION_FORMAT = dwarf;
				ENABLE_STRICT_OBJC_MSGSEND = YES;
				ENABLE_TESTABILITY = YES;
				GCC_C_LANGUAGE_STANDARD = gnu11;
				GCC_DYNAMIC_NO_PIC = NO;
				GCC_NO_COMMON_BLOCKS = YES;
				GCC_OPTIMIZATION_LEVEL = 0;
				GCC_PREPROCESSOR_DEFINITIONS = (
					"DEBUG=1",
					"$(inherited)",
				);
				GCC_WARN_64_TO_32_BIT_CONVERSION = YES;
				GCC_WARN_ABOUT_RETURN_TYPE = YES_ERROR;
				GCC_WARN_UNDECLARED_SELECTOR = YES;
				GCC_WARN_UNINITIALIZED_AUTOS = YES_AGGRESSIVE;
				GCC_WARN_UNUSED_FUNCTION = YES;
				GCC_WARN_UNUSED_VARIABLE = YES;
				IPHONEOS_DEPLOYMENT_TARGET = 12.1;
				MTL_ENABLE_DEBUG_INFO = INCLUDE_SOURCE;
				MTL_FAST_MATH = YES;
				ONLY_ACTIVE_ARCH = YES;
				SDKROOT = iphoneos;
				SWIFT_ACTIVE_COMPILATION_CONDITIONS = DEBUG;
				SWIFT_OPTIMIZATION_LEVEL = "-Onone";
			};
			name = Debug;
		};
		5EBC202621B6684A00A92AEF /* Release */ = {
			isa = XCBuildConfiguration;
			buildSettings = {
				ALWAYS_SEARCH_USER_PATHS = NO;
				CLANG_ANALYZER_NONNULL = YES;
				CLANG_ANALYZER_NUMBER_OBJECT_CONVERSION = YES_AGGRESSIVE;
				CLANG_CXX_LANGUAGE_STANDARD = "gnu++14";
				CLANG_CXX_LIBRARY = "libc++";
				CLANG_ENABLE_MODULES = YES;
				CLANG_ENABLE_OBJC_ARC = YES;
				CLANG_ENABLE_OBJC_WEAK = YES;
				CLANG_WARN_BLOCK_CAPTURE_AUTORELEASING = YES;
				CLANG_WARN_BOOL_CONVERSION = YES;
				CLANG_WARN_COMMA = YES;
				CLANG_WARN_CONSTANT_CONVERSION = YES;
				CLANG_WARN_DEPRECATED_OBJC_IMPLEMENTATIONS = YES;
				CLANG_WARN_DIRECT_OBJC_ISA_USAGE = YES_ERROR;
				CLANG_WARN_DOCUMENTATION_COMMENTS = YES;
				CLANG_WARN_EMPTY_BODY = YES;
				CLANG_WARN_ENUM_CONVERSION = YES;
				CLANG_WARN_INFINITE_RECURSION = YES;
				CLANG_WARN_INT_CONVERSION = YES;
				CLANG_WARN_NON_LITERAL_NULL_CONVERSION = YES;
				CLANG_WARN_OBJC_IMPLICIT_RETAIN_SELF = YES;
				CLANG_WARN_OBJC_LITERAL_CONVERSION = YES;
				CLANG_WARN_OBJC_ROOT_CLASS = YES_ERROR;
				CLANG_WARN_RANGE_LOOP_ANALYSIS = YES;
				CLANG_WARN_STRICT_PROTOTYPES = YES;
				CLANG_WARN_SUSPICIOUS_MOVE = YES;
				CLANG_WARN_UNGUARDED_AVAILABILITY = YES_AGGRESSIVE;
				CLANG_WARN_UNREACHABLE_CODE = YES;
				CLANG_WARN__DUPLICATE_METHOD_MATCH = YES;
				CODE_SIGN_IDENTITY = "iPhone Developer";
				COPY_PHASE_STRIP = NO;
				DEBUG_INFORMATION_FORMAT = "dwarf-with-dsym";
				ENABLE_NS_ASSERTIONS = NO;
				ENABLE_STRICT_OBJC_MSGSEND = YES;
				GCC_C_LANGUAGE_STANDARD = gnu11;
				GCC_NO_COMMON_BLOCKS = YES;
				GCC_WARN_64_TO_32_BIT_CONVERSION = YES;
				GCC_WARN_ABOUT_RETURN_TYPE = YES_ERROR;
				GCC_WARN_UNDECLARED_SELECTOR = YES;
				GCC_WARN_UNINITIALIZED_AUTOS = YES_AGGRESSIVE;
				GCC_WARN_UNUSED_FUNCTION = YES;
				GCC_WARN_UNUSED_VARIABLE = YES;
				IPHONEOS_DEPLOYMENT_TARGET = 12.1;
				MTL_ENABLE_DEBUG_INFO = NO;
				MTL_FAST_MATH = YES;
				SDKROOT = iphoneos;
				SWIFT_COMPILATION_MODE = wholemodule;
				SWIFT_OPTIMIZATION_LEVEL = "-O";
				VALIDATE_PRODUCT = YES;
			};
			name = Release;
		};
		5EBC202821B6684A00A92AEF /* Debug */ = {
			isa = XCBuildConfiguration;
			baseConfigurationReference = FE2F23A1B8A6E3EE23C599D7 /* Pods-15_ToDoey.debug.xcconfig */;
			buildSettings = {
				ASSETCATALOG_COMPILER_APPICON_NAME = AppIcon;
				CODE_SIGN_STYLE = Automatic;
				DEVELOPMENT_TEAM = 386F2FV372;
				INFOPLIST_FILE = 15_ToDoey/Info.plist;
				LD_RUNPATH_SEARCH_PATHS = (
					"$(inherited)",
					"@executable_path/Frameworks",
				);
				PRODUCT_BUNDLE_IDENTIFIER = com.rahulsharma.ToDoey;
				PRODUCT_NAME = "$(TARGET_NAME)";
				SWIFT_VERSION = 4.2;
				TARGETED_DEVICE_FAMILY = "1,2";
			};
			name = Debug;
		};
		5EBC202921B6684A00A92AEF /* Release */ = {
			isa = XCBuildConfiguration;
			baseConfigurationReference = 6AB15EAA6EF28DF02517AE7A /* Pods-15_ToDoey.release.xcconfig */;
			buildSettings = {
				ASSETCATALOG_COMPILER_APPICON_NAME = AppIcon;
				CODE_SIGN_STYLE = Automatic;
				DEVELOPMENT_TEAM = 386F2FV372;
				INFOPLIST_FILE = 15_ToDoey/Info.plist;
				LD_RUNPATH_SEARCH_PATHS = (
					"$(inherited)",
					"@executable_path/Frameworks",
				);
				PRODUCT_BUNDLE_IDENTIFIER = com.rahulsharma.ToDoey;
				PRODUCT_NAME = "$(TARGET_NAME)";
				SWIFT_VERSION = 4.2;
				TARGETED_DEVICE_FAMILY = "1,2";
			};
			name = Release;
		};
/* End XCBuildConfiguration section */

/* Begin XCConfigurationList section */
		5EBC201021B6684800A92AEF /* Build configuration list for PBXProject "15_ToDoey" */ = {
			isa = XCConfigurationList;
			buildConfigurations = (
				5EBC202521B6684A00A92AEF /* Debug */,
				5EBC202621B6684A00A92AEF /* Release */,
			);
			defaultConfigurationIsVisible = 0;
			defaultConfigurationName = Release;
		};
		5EBC202721B6684A00A92AEF /* Build configuration list for PBXNativeTarget "15_ToDoey" */ = {
			isa = XCConfigurationList;
			buildConfigurations = (
				5EBC202821B6684A00A92AEF /* Debug */,
				5EBC202921B6684A00A92AEF /* Release */,
			);
			defaultConfigurationIsVisible = 0;
			defaultConfigurationName = Release;
		};
/* End XCConfigurationList section */
	};
	rootObject = 5EBC200D21B6684800A92AEF /* Project object */;
}
